
Microsoft Visual Studio Solution File, Format Version 12.00
# Visual Studio Version 18
VisualStudioVersion = 18.0.11222.15
MinimumVisualStudioVersion = 10.0.40219.1
Project("{9A19103F-16F7-4668-BE54-9A1E7A4F7556}") = "MyApi", "MyApi\MyApi.csproj", "{962BF700-B481-4E84-A55D-C4E484369069}"
EndProject
Project("{9A19103F-16F7-4668-BE54-9A1E7A4F7556}") = "Multitenant.Security.AspNetCore", "Multitenant.Security.AspNetCore\Multitenant.Security.AspNetCore.csproj", "{564C2CFB-6401-41E7-81BC-42A395210B96}"
EndProject
Project("{9A19103F-16F7-4668-BE54-9A1E7A4F7556}") = "Multitenant.Configuration.AspNetCore", "Multitenant.Configuration.AspNetCore\Multitenant.Configuration.AspNetCore.csproj", "{C4425436-C133-44B8-8F1C-03BB6B6ABC51}"
EndProject
Project("{9A19103F-16F7-4668-BE54-9A1E7A4F7556}") = "Multitenant.Configuration", "Multitenant.Configuration\Multitenant.Configuration.csproj", "{90896E2B-498C-4E2F-959A-042C59D5B20D}"
EndProject
Project("{9A19103F-16F7-4668-BE54-9A1E7A4F7556}") = "Multitenant.Configuration.WebAssembly", "Multitenant.Configuration.WebAssembly\Multitenant.Configuration.WebAssembly.csproj", "{3B11C33D-C9A2-4123-A2E0-7E4A96B76FF3}"
EndProject
Project("{9A19103F-16F7-4668-BE54-9A1E7A4F7556}") = "Multitenant.Security.WebAssembly", "Multitenant.Security.WebAssembly\Multitenant.Security.WebAssembly.csproj", "{E2071CE1-B74E-4B92-B62C-4475A6CC69C7}"
EndProject
Project("{2150E333-8FDC-42A3-9474-1A3956D46DE8}") = "_Core", "_Core", "{CDA2F0B4-900B-411C-92C2-3D885950BFFB}"
EndProject
Project("{FAE04EC0-301F-11D3-BF4B-00C04F79EFBC}") = "Aspire.AppHost", "Aspire.AppHost\Aspire.AppHost.csproj", "{6ECFB554-BD28-43ED-A7F7-18DECAD225E1}"
EndProject
Project("{2150E333-8FDC-42A3-9474-1A3956D46DE8}") = "FrontEnd", "FrontEnd", "{02EA681E-C7D8-13C7-8484-4AC65E1B71E8}"
EndProject
Project("{2150E333-8FDC-42A3-9474-1A3956D46DE8}") = "BackEnd", "BackEnd", "{671B5798-2DD9-4277-9623-173D1E1967C1}"
EndProject
Project("{FAE04EC0-301F-11D3-BF4B-00C04F79EFBC}") = "Multitenant.Security.AspNetCore.Tests", "Multitenant.Security.AspNetCore.Tests\Multitenant.Security.AspNetCore.Tests.csproj", "{BF12FE87-ECE3-4E13-AD6E-1E18178FBEB0}"
EndProject
Project("{2150E333-8FDC-42A3-9474-1A3956D46DE8}") = "Solution Items", "Solution Items", "{8EC462FD-D22E-90A8-E5CE-7E832BA40C5D}"
	ProjectSection(SolutionItems) = preProject
		Troubleshootings.md = Troubleshootings.md
	EndProjectSection
EndProject
Project("{FAE04EC0-301F-11D3-BF4B-00C04F79EFBC}") = "MultitenantBlazorApp", "MultitenantBlazorApp\MultitenantBlazorApp.csproj", "{E4A2EF35-DC70-2F72-FC9B-9AB602D862FF}"
EndProject
Project("{FAE04EC0-301F-11D3-BF4B-00C04F79EFBC}") = "MultitenantBlazorApp.Client", "MultitenantBlazorApp.Client\MultitenantBlazorApp.Client.csproj", "{0621BE74-ECF2-F80E-1ABD-DBA999DC7118}"
EndProject
Global
	GlobalSection(SolutionConfigurationPlatforms) = preSolution
		Debug|Any CPU = Debug|Any CPU
		Release|Any CPU = Release|Any CPU
	EndGlobalSection
	GlobalSection(ProjectConfigurationPlatforms) = postSolution
		{962BF700-B481-4E84-A55D-C4E484369069}.Debug|Any CPU.ActiveCfg = Debug|Any CPU
		{962BF700-B481-4E84-A55D-C4E484369069}.Debug|Any CPU.Build.0 = Debug|Any CPU
		{962BF700-B481-4E84-A55D-C4E484369069}.Release|Any CPU.ActiveCfg = Release|Any CPU
		{962BF700-B481-4E84-A55D-C4E484369069}.Release|Any CPU.Build.0 = Release|Any CPU
		{564C2CFB-6401-41E7-81BC-42A395210B96}.Debug|Any CPU.ActiveCfg = Debug|Any CPU
		{564C2CFB-6401-41E7-81BC-42A395210B96}.Debug|Any CPU.Build.0 = Debug|Any CPU
		{564C2CFB-6401-41E7-81BC-42A395210B96}.Release|Any CPU.ActiveCfg = Release|Any CPU
		{564C2CFB-6401-41E7-81BC-42A395210B96}.Release|Any CPU.Build.0 = Release|Any CPU
		{C4425436-C133-44B8-8F1C-03BB6B6ABC51}.Debug|Any CPU.ActiveCfg = Debug|Any CPU
		{C4425436-C133-44B8-8F1C-03BB6B6ABC51}.Debug|Any CPU.Build.0 = Debug|Any CPU
		{C4425436-C133-44B8-8F1C-03BB6B6ABC51}.Release|Any CPU.ActiveCfg = Release|Any CPU
		{C4425436-C133-44B8-8F1C-03BB6B6ABC51}.Release|Any CPU.Build.0 = Release|Any CPU
		{90896E2B-498C-4E2F-959A-042C59D5B20D}.Debug|Any CPU.ActiveCfg = Debug|Any CPU
		{90896E2B-498C-4E2F-959A-042C59D5B20D}.Debug|Any CPU.Build.0 = Debug|Any CPU
		{90896E2B-498C-4E2F-959A-042C59D5B20D}.Release|Any CPU.ActiveCfg = Release|Any CPU
		{90896E2B-498C-4E2F-959A-042C59D5B20D}.Release|Any CPU.Build.0 = Release|Any CPU
		{3B11C33D-C9A2-4123-A2E0-7E4A96B76FF3}.Debug|Any CPU.ActiveCfg = Debug|Any CPU
		{3B11C33D-C9A2-4123-A2E0-7E4A96B76FF3}.Debug|Any CPU.Build.0 = Debug|Any CPU
		{3B11C33D-C9A2-4123-A2E0-7E4A96B76FF3}.Release|Any CPU.ActiveCfg = Release|Any CPU
		{3B11C33D-C9A2-4123-A2E0-7E4A96B76FF3}.Release|Any CPU.Build.0 = Release|Any CPU
		{E2071CE1-B74E-4B92-B62C-4475A6CC69C7}.Debug|Any CPU.ActiveCfg = Debug|Any CPU
		{E2071CE1-B74E-4B92-B62C-4475A6CC69C7}.Debug|Any CPU.Build.0 = Debug|Any CPU
		{E2071CE1-B74E-4B92-B62C-4475A6CC69C7}.Release|Any CPU.ActiveCfg = Release|Any CPU
		{E2071CE1-B74E-4B92-B62C-4475A6CC69C7}.Release|Any CPU.Build.0 = Release|Any CPU
		{6ECFB554-BD28-43ED-A7F7-18DECAD225E1}.Debug|Any CPU.ActiveCfg = Debug|Any CPU
		{6ECFB554-BD28-43ED-A7F7-18DECAD225E1}.Debug|Any CPU.Build.0 = Debug|Any CPU
		{6ECFB554-BD28-43ED-A7F7-18DECAD225E1}.Release|Any CPU.ActiveCfg = Release|Any CPU
		{6ECFB554-BD28-43ED-A7F7-18DECAD225E1}.Release|Any CPU.Build.0 = Release|Any CPU
		{BF12FE87-ECE3-4E13-AD6E-1E18178FBEB0}.Debug|Any CPU.ActiveCfg = Debug|Any CPU
		{BF12FE87-ECE3-4E13-AD6E-1E18178FBEB0}.Debug|Any CPU.Build.0 = Debug|Any CPU
		{BF12FE87-ECE3-4E13-AD6E-1E18178FBEB0}.Release|Any CPU.ActiveCfg = Release|Any CPU
		{BF12FE87-ECE3-4E13-AD6E-1E18178FBEB0}.Release|Any CPU.Build.0 = Release|Any CPU
		{E4A2EF35-DC70-2F72-FC9B-9AB602D862FF}.Debug|Any CPU.ActiveCfg = Debug|Any CPU
		{E4A2EF35-DC70-2F72-FC9B-9AB602D862FF}.Debug|Any CPU.Build.0 = Debug|Any CPU
		{E4A2EF35-DC70-2F72-FC9B-9AB602D862FF}.Release|Any CPU.ActiveCfg = Release|Any CPU
		{E4A2EF35-DC70-2F72-FC9B-9AB602D862FF}.Release|Any CPU.Build.0 = Release|Any CPU
		{0621BE74-ECF2-F80E-1ABD-DBA999DC7118}.Debug|Any CPU.ActiveCfg = Debug|Any CPU
		{0621BE74-ECF2-F80E-1ABD-DBA999DC7118}.Debug|Any CPU.Build.0 = Debug|Any CPU
		{0621BE74-ECF2-F80E-1ABD-DBA999DC7118}.Release|Any CPU.ActiveCfg = Release|Any CPU
		{0621BE74-ECF2-F80E-1ABD-DBA999DC7118}.Release|Any CPU.Build.0 = Release|Any CPU
	EndGlobalSection
	GlobalSection(SolutionProperties) = preSolution
		HideSolutionNode = FALSE
	EndGlobalSection
	GlobalSection(NestedProjects) = preSolution
		{962BF700-B481-4E84-A55D-C4E484369069} = {671B5798-2DD9-4277-9623-173D1E1967C1}
		{564C2CFB-6401-41E7-81BC-42A395210B96} = {CDA2F0B4-900B-411C-92C2-3D885950BFFB}
		{C4425436-C133-44B8-8F1C-03BB6B6ABC51} = {CDA2F0B4-900B-411C-92C2-3D885950BFFB}
		{90896E2B-498C-4E2F-959A-042C59D5B20D} = {CDA2F0B4-900B-411C-92C2-3D885950BFFB}
		{3B11C33D-C9A2-4123-A2E0-7E4A96B76FF3} = {CDA2F0B4-900B-411C-92C2-3D885950BFFB}
		{E2071CE1-B74E-4B92-B62C-4475A6CC69C7} = {CDA2F0B4-900B-411C-92C2-3D885950BFFB}
		{BF12FE87-ECE3-4E13-AD6E-1E18178FBEB0} = {CDA2F0B4-900B-411C-92C2-3D885950BFFB}
		{E4A2EF35-DC70-2F72-FC9B-9AB602D862FF} = {02EA681E-C7D8-13C7-8484-4AC65E1B71E8}
		{0621BE74-ECF2-F80E-1ABD-DBA999DC7118} = {02EA681E-C7D8-13C7-8484-4AC65E1B71E8}
	EndGlobalSection
	GlobalSection(ExtensibilityGlobals) = postSolution
		SolutionGuid = {020106E4-5BF6-46A5-B565-414862C82041}
	EndGlobalSection
EndGlobal
